// !$*UTF8*$!
{
	archiveVersion = 1;
	classes = {
	};
	objectVersion = 77;
	objects = {

/* Begin PBXBuildFile section */
		026978D980F81CDB9C9AE299 /* CountdownOverlay.swift in Sources */ = {isa = PBXBuildFile; fileRef = BBCE998F90955D4392344698 /* CountdownOverlay.swift */; };
		037AF36ACA01D54F49B7F725 /* DailyChallenge.swift in Sources */ = {isa = PBXBuildFile; fileRef = 8815B5B8CD79745839A48D0A /* DailyChallenge.swift */; };
		05C69369287DD171BBF1111B /* ReactionDuelGameView.swift in Sources */ = {isa = PBXBuildFile; fileRef = 8C9BD550444AA03A13E5BC64 /* ReactionDuelGameView.swift */; };
		05CE1B1F5B6A557B8B396B8E /* GameSetupView.swift in Sources */ = {isa = PBXBuildFile; fileRef = A53DF0623F7C8122A04CC7AE /* GameSetupView.swift */; };
		06EB72C49EB632A2A0A84BD3 /* ReflexlyApp.swift in Sources */ = {isa = PBXBuildFile; fileRef = C4AD137CE53B474BB77DEE03 /* ReflexlyApp.swift */; };
		11FF404062EDE8912724D521 /* Assets.xcassets in Resources */ = {isa = PBXBuildFile; fileRef = E61917CC80078D9CDA237847 /* Assets.xcassets */; };
		26671C17DF1251712F0C3DE6 /* ReactionDuelViewModel.swift in Sources */ = {isa = PBXBuildFile; fileRef = B6A1E6AE943973D12F0F49C8 /* ReactionDuelViewModel.swift */; };
		26E6D9E3FB33E1A3258424C6 /* Date+Helpers.swift in Sources */ = {isa = PBXBuildFile; fileRef = F3A2D91C263310B8441893B5 /* Date+Helpers.swift */; };
		280892B22E76E99C013E6A2F /* GameCard.swift in Sources */ = {isa = PBXBuildFile; fileRef = 319B049E49CFCB1A8120B282 /* GameCard.swift */; };
		2A19E3606A06FBE06F55E6ED /* UnlockBadge.swift in Sources */ = {isa = PBXBuildFile; fileRef = 083047DBB36F7CA0C5D1C0A3 /* UnlockBadge.swift */; };
		2EB906D039E5440914513224 /* AVFoundation.framework in Frameworks */ = {isa = PBXBuildFile; fileRef = 5D42A9FE0B4E6C7A970E1BF1 /* AVFoundation.framework */; };
		30B0C9CC41325167D6EA081E /* DailyChallengeViewModel.swift in Sources */ = {isa = PBXBuildFile; fileRef = 03252CCA79432E7D68BBF784 /* DailyChallengeViewModel.swift */; };
		365FC8CBD2D9F629E57995E2 /* PlayerStats.swift in Sources */ = {isa = PBXBuildFile; fileRef = 61075ACE17CB3B65A90DA96A /* PlayerStats.swift */; };
		38AA6FADBE7C579E976D4975 /* HapticService.swift in Sources */ = {isa = PBXBuildFile; fileRef = 329C316CA679284B46ACE785 /* HapticService.swift */; };
		3947BB1A336DEBA0E2862BE5 /* LeaderboardRowView.swift in Sources */ = {isa = PBXBuildFile; fileRef = 3186D0586B4B27993BB10867 /* LeaderboardRowView.swift */; };
		3E64ACFF47B7F219D383DEC2 /* StoreView.swift in Sources */ = {isa = PBXBuildFile; fileRef = 6C8906E01ED4861E0F18338B /* StoreView.swift */; };
		3EFA45952F0C5F00F9B26DB9 /* PlayerModeSelector.swift in Sources */ = {isa = PBXBuildFile; fileRef = 8662B76C34CB83190D464272 /* PlayerModeSelector.swift */; };
		47BE83D7A92FB033D4D3EFC4 /* ColorFlashViewModel.swift in Sources */ = {isa = PBXBuildFile; fileRef = 7AB0705C6E90B72EC9210840 /* ColorFlashViewModel.swift */; };
		4944E2EAB3A480318D4AB86F /* ColorFlashGameView.swift in Sources */ = {isa = PBXBuildFile; fileRef = 9304A78E0ACAF9DB5C326C7F /* ColorFlashGameView.swift */; };
		55B6EA35F666CF99886A2BFC /* SoundService.swift in Sources */ = {isa = PBXBuildFile; fileRef = F3B8475672143AC3426ED55A /* SoundService.swift */; };
		58AF8F44809064C76BAA932F /* QuickTapGameView.swift in Sources */ = {isa = PBXBuildFile; fileRef = C14E5889972AB90E3C41EA3B /* QuickTapGameView.swift */; };
		5FE84C8F2C073EBB07B2F537 /* SoundReflexViewModel.swift in Sources */ = {isa = PBXBuildFile; fileRef = E99F12D81412633B2BC962EF /* SoundReflexViewModel.swift */; };
		6847C2A8E921E3DA088D60E1 /* VibrationReflexViewModel.swift in Sources */ = {isa = PBXBuildFile; fileRef = 1D23F3D8A48DFEA041352318 /* VibrationReflexViewModel.swift */; };
		693E75A6A02231CB2DBE3E54 /* StoreService.swift in Sources */ = {isa = PBXBuildFile; fileRef = 055F44CCDA6812AD3795D6F3 /* StoreService.swift */; };
		6ABC8A5AB52281F8D537A140 /* VibrationReflexGameView.swift in Sources */ = {isa = PBXBuildFile; fileRef = 55C596DE5B7E64CD2EFA8B7D /* VibrationReflexGameView.swift */; };
		7214784DF4EE6EA66715ED10 /* FourPlayerGridView.swift in Sources */ = {isa = PBXBuildFile; fileRef = C226FF46241BB5E73BA7E9FD /* FourPlayerGridView.swift */; };
		775791A01ECDACA00C9789C8 /* GameKit.framework in Frameworks */ = {isa = PBXBuildFile; fileRef = C2BFAB9FFDF0CC59772041E6 /* GameKit.framework */; };
		78075D564DE19302E0944426 /* StoreKit.framework in Frameworks */ = {isa = PBXBuildFile; fileRef = 9A4A3BE321533936B5022668 /* StoreKit.framework */; };
		7E9F1194EC538DC9281837B8 /* StopwatchViewModel.swift in Sources */ = {isa = PBXBuildFile; fileRef = 9166E2C8A1A91A534D8BC18A /* StopwatchViewModel.swift */; };
		7F3716812C0C483FCD396CD4 /* QuickTapViewModel.swift in Sources */ = {isa = PBXBuildFile; fileRef = 58D3F79113F84007A3EBAD9A /* QuickTapViewModel.swift */; };
		7FB017E353CE2F93A9CC5539 /* HomeView.swift in Sources */ = {isa = PBXBuildFile; fileRef = C7CAA832892CB055E4425EA4 /* HomeView.swift */; };
		80CCC23F8269D60FDE284964 /* ColorBattleViewModel.swift in Sources */ = {isa = PBXBuildFile; fileRef = A67C75671E25F0567459844D /* ColorBattleViewModel.swift */; };
		81635D12D179DB1441176BB6 /* TimingService.swift in Sources */ = {isa = PBXBuildFile; fileRef = AD607B359EC32F0023C15794 /* TimingService.swift */; };
		84D31B3D299175D3575A74B3 /* GameViewModelProtocol.swift in Sources */ = {isa = PBXBuildFile; fileRef = 3559B835212BFFE48C4C7969 /* GameViewModelProtocol.swift */; };
		8A61B97D2660A69EB26DD5F2 /* StoreViewModel.swift in Sources */ = {isa = PBXBuildFile; fileRef = 76B281316C3DFD109EC8038C /* StoreViewModel.swift */; };
		8B15ECC47B260AFC6E695A74 /* WaitingOverlay.swift in Sources */ = {isa = PBXBuildFile; fileRef = 44E8F1B75DC66F541D57523D /* WaitingOverlay.swift */; };
		8BC6ABB501697031A5E49B65 /* View+Modifiers.swift in Sources */ = {isa = PBXBuildFile; fileRef = C36C1BA014C03C58AAC34EFC /* View+Modifiers.swift */; };
		90CF4ECB5D8D56E5E7CECEBA /* StopwatchGameView.swift in Sources */ = {isa = PBXBuildFile; fileRef = B7C2EC20C636D2ECAFB9297C /* StopwatchGameView.swift */; };
		9A3FAE18055929E972D966ED /* PlayerMode.swift in Sources */ = {isa = PBXBuildFile; fileRef = 568CEBAFC4A08DC96EF1B8BB /* PlayerMode.swift */; };
		A05F597DD74D7C77ECB63EE7 /* LeaderboardView.swift in Sources */ = {isa = PBXBuildFile; fileRef = 23D47D2EE7C3A9D45A6F5CC1 /* LeaderboardView.swift */; };
		A0FD43740C65BD618B78DCF7 /* TwoPlayerSplitView.swift in Sources */ = {isa = PBXBuildFile; fileRef = 2A1D044F80307B9A80F892EE /* TwoPlayerSplitView.swift */; };
		A2056C9F97FE75938C755D9B /* SoundReflexGameView.swift in Sources */ = {isa = PBXBuildFile; fileRef = A522E1C117C42525E9F6B229 /* SoundReflexGameView.swift */; };
		A2E11C3D4ABF4EF34CDFF73E /* CoreHaptics.framework in Frameworks */ = {isa = PBXBuildFile; fileRef = CCE392159010B6729DEE1026 /* CoreHaptics.framework */; };
		A79C0E1029E4B16DF5828D91 /* GridReactionViewModel.swift in Sources */ = {isa = PBXBuildFile; fileRef = 97F316DEA1D1B8A9E5F4ADA7 /* GridReactionViewModel.swift */; };
		B475E34D23F92A8E81DF1119 /* HowToPlayOverlay.swift in Sources */ = {isa = PBXBuildFile; fileRef = 1FDDC6E7D9724EC64BD43BAB /* HowToPlayOverlay.swift */; };
		BEDAB1ADAC07C5A51FB34A1A /* DailyChallengeGameView.swift in Sources */ = {isa = PBXBuildFile; fileRef = F32F78BF780986F899A24307 /* DailyChallengeGameView.swift */; };
		C9BD967B117EAF647B28983A /* Formatters.swift in Sources */ = {isa = PBXBuildFile; fileRef = C7838F01376C10440F5D0465 /* Formatters.swift */; };
		CC2B58B72A6C8EF8C7145C82 /* GridReactionGameView.swift in Sources */ = {isa = PBXBuildFile; fileRef = B3B32184A252D85D7EC178A7 /* GridReactionGameView.swift */; };
		CCACF437FE13B42912317C7E /* OnboardingView.swift in Sources */ = {isa = PBXBuildFile; fileRef = F25C688817968FFBA5A329A2 /* OnboardingView.swift */; };
		D0006547375DA0F4A542A150 /* StatsView.swift in Sources */ = {isa = PBXBuildFile; fileRef = BFF4B47652C50DBEC8B7949A /* StatsView.swift */; };
		D890BEA2AAB26DE8EBA1F737 /* GameResult.swift in Sources */ = {isa = PBXBuildFile; fileRef = 3A849FCE9F1A43246D59DB48 /* GameResult.swift */; };
		DA1CAC4D03DFCC7C31ABBF7C /* GameCenterService.swift in Sources */ = {isa = PBXBuildFile; fileRef = E59838C4190CA4E5C75D225C /* GameCenterService.swift */; };
		DAE4E71F9B87D0444DF4DB43 /* PercentileBar.swift in Sources */ = {isa = PBXBuildFile; fileRef = E7D9CE176CE772696638B8B7 /* PercentileBar.swift */; };
		DB174CDFCE58F6D946889AD1 /* ShareService.swift in Sources */ = {isa = PBXBuildFile; fileRef = 8C61447B227DB41F50CF604A /* ShareService.swift */; };
		DB8BD66FA9A001F44E9562CD /* Constants.swift in Sources */ = {isa = PBXBuildFile; fileRef = 3F7346D2955F9CC1615D794B /* Constants.swift */; };
		DBC583D718EEE72483027498 /* Font+App.swift in Sources */ = {isa = PBXBuildFile; fileRef = 38329C5C191FBE16BCE1F4BE /* Font+App.swift */; };
		E1D6E8EB04E41CC3B61AB679 /* PulsingText.swift in Sources */ = {isa = PBXBuildFile; fileRef = A342956F9B1DA4F4DB5429B2 /* PulsingText.swift */; };
		E2F9B3751F6F8D2DD44196FD /* Color+App.swift in Sources */ = {isa = PBXBuildFile; fileRef = CE8619357BA5819C52B896BD /* Color+App.swift */; };
		E6A00DC814E1509BDF4F2AAE /* GameConfiguration.swift in Sources */ = {isa = PBXBuildFile; fileRef = 36E4EA91C9C42A3F7DF4B7FC /* GameConfiguration.swift */; };
		F0CA1618AE8934152FE867D5 /* StatBadge.swift in Sources */ = {isa = PBXBuildFile; fileRef = 3F26FFADD61FB65E12F652FF /* StatBadge.swift */; };
		F7A7F3FC156667B7D8BC8782 /* SettingsView.swift in Sources */ = {isa = PBXBuildFile; fileRef = FAFF8C258CFB7AA78B7A60FB /* SettingsView.swift */; };
		F9CE20E7A3356C791825301E /* ColorBattleGameView.swift in Sources */ = {isa = PBXBuildFile; fileRef = 1C5A6B34B4A8C8EFC11ED865 /* ColorBattleGameView.swift */; };
		FEE2E3A3F6EC1D272EF61D1C /* GameType.swift in Sources */ = {isa = PBXBuildFile; fileRef = 5F46788F3D3B23A9044D664D /* GameType.swift */; };
/* End PBXBuildFile section */

/* Begin PBXFileReference section */
		03252CCA79432E7D68BBF784 /* DailyChallengeViewModel.swift */ = {isa = PBXFileReference; lastKnownFileType = sourcecode.swift; path = DailyChallengeViewModel.swift; sourceTree = "<group>"; };
		055F44CCDA6812AD3795D6F3 /* StoreService.swift */ = {isa = PBXFileReference; lastKnownFileType = sourcecode.swift; path = StoreService.swift; sourceTree = "<group>"; };
		083047DBB36F7CA0C5D1C0A3 /* UnlockBadge.swift */ = {isa = PBXFileReference; lastKnownFileType = sourcecode.swift; path = UnlockBadge.swift; sourceTree = "<group>"; };
		1C5A6B34B4A8C8EFC11ED865 /* ColorBattleGameView.swift */ = {isa = PBXFileReference; lastKnownFileType = sourcecode.swift; path = ColorBattleGameView.swift; sourceTree = "<group>"; };
		1D23F3D8A48DFEA041352318 /* VibrationReflexViewModel.swift */ = {isa = PBXFileReference; lastKnownFileType = sourcecode.swift; path = VibrationReflexViewModel.swift; sourceTree = "<group>"; };
		1FDDC6E7D9724EC64BD43BAB /* HowToPlayOverlay.swift */ = {isa = PBXFileReference; lastKnownFileType = sourcecode.swift; path = HowToPlayOverlay.swift; sourceTree = "<group>"; };
		23D47D2EE7C3A9D45A6F5CC1 /* LeaderboardView.swift */ = {isa = PBXFileReference; lastKnownFileType = sourcecode.swift; path = LeaderboardView.swift; sourceTree = "<group>"; };
		2A1D044F80307B9A80F892EE /* TwoPlayerSplitView.swift */ = {isa = PBXFileReference; lastKnownFileType = sourcecode.swift; path = TwoPlayerSplitView.swift; sourceTree = "<group>"; };
		3186D0586B4B27993BB10867 /* LeaderboardRowView.swift */ = {isa = PBXFileReference; lastKnownFileType = sourcecode.swift; path = LeaderboardRowView.swift; sourceTree = "<group>"; };
		319B049E49CFCB1A8120B282 /* GameCard.swift */ = {isa = PBXFileReference; lastKnownFileType = sourcecode.swift; path = GameCard.swift; sourceTree = "<group>"; };
		329C316CA679284B46ACE785 /* HapticService.swift */ = {isa = PBXFileReference; lastKnownFileType = sourcecode.swift; path = HapticService.swift; sourceTree = "<group>"; };
		3559B835212BFFE48C4C7969 /* GameViewModelProtocol.swift */ = {isa = PBXFileReference; lastKnownFileType = sourcecode.swift; path = GameViewModelProtocol.swift; sourceTree = "<group>"; };
		36E4EA91C9C42A3F7DF4B7FC /* GameConfiguration.swift */ = {isa = PBXFileReference; lastKnownFileType = sourcecode.swift; path = GameConfiguration.swift; sourceTree = "<group>"; };
		38329C5C191FBE16BCE1F4BE /* Font+App.swift */ = {isa = PBXFileReference; lastKnownFileType = sourcecode.swift; path = "Font+App.swift"; sourceTree = "<group>"; };
		3A849FCE9F1A43246D59DB48 /* GameResult.swift */ = {isa = PBXFileReference; lastKnownFileType = sourcecode.swift; path = GameResult.swift; sourceTree = "<group>"; };
		3F26FFADD61FB65E12F652FF /* StatBadge.swift */ = {isa = PBXFileReference; lastKnownFileType = sourcecode.swift; path = StatBadge.swift; sourceTree = "<group>"; };
		3F7346D2955F9CC1615D794B /* Constants.swift */ = {isa = PBXFileReference; lastKnownFileType = sourcecode.swift; path = Constants.swift; sourceTree = "<group>"; };
		44E8F1B75DC66F541D57523D /* WaitingOverlay.swift */ = {isa = PBXFileReference; lastKnownFileType = sourcecode.swift; path = WaitingOverlay.swift; sourceTree = "<group>"; };
		55C596DE5B7E64CD2EFA8B7D /* VibrationReflexGameView.swift */ = {isa = PBXFileReference; lastKnownFileType = sourcecode.swift; path = VibrationReflexGameView.swift; sourceTree = "<group>"; };
		568CEBAFC4A08DC96EF1B8BB /* PlayerMode.swift */ = {isa = PBXFileReference; lastKnownFileType = sourcecode.swift; path = PlayerMode.swift; sourceTree = "<group>"; };
		58D3F79113F84007A3EBAD9A /* QuickTapViewModel.swift */ = {isa = PBXFileReference; lastKnownFileType = sourcecode.swift; path = QuickTapViewModel.swift; sourceTree = "<group>"; };
		5D42A9FE0B4E6C7A970E1BF1 /* AVFoundation.framework */ = {isa = PBXFileReference; lastKnownFileType = wrapper.framework; name = AVFoundation.framework; path = System/Library/Frameworks/AVFoundation.framework; sourceTree = SDKROOT; };
		5F46788F3D3B23A9044D664D /* GameType.swift */ = {isa = PBXFileReference; lastKnownFileType = sourcecode.swift; path = GameType.swift; sourceTree = "<group>"; };
		61075ACE17CB3B65A90DA96A /* PlayerStats.swift */ = {isa = PBXFileReference; lastKnownFileType = sourcecode.swift; path = PlayerStats.swift; sourceTree = "<group>"; };
		6C8906E01ED4861E0F18338B /* StoreView.swift */ = {isa = PBXFileReference; lastKnownFileType = sourcecode.swift; path = StoreView.swift; sourceTree = "<group>"; };
		76B281316C3DFD109EC8038C /* StoreViewModel.swift */ = {isa = PBXFileReference; lastKnownFileType = sourcecode.swift; path = StoreViewModel.swift; sourceTree = "<group>"; };
		7AB0705C6E90B72EC9210840 /* ColorFlashViewModel.swift */ = {isa = PBXFileReference; lastKnownFileType = sourcecode.swift; path = ColorFlashViewModel.swift; sourceTree = "<group>"; };
		8662B76C34CB83190D464272 /* PlayerModeSelector.swift */ = {isa = PBXFileReference; lastKnownFileType = sourcecode.swift; path = PlayerModeSelector.swift; sourceTree = "<group>"; };
		8815B5B8CD79745839A48D0A /* DailyChallenge.swift */ = {isa = PBXFileReference; lastKnownFileType = sourcecode.swift; path = DailyChallenge.swift; sourceTree = "<group>"; };
		8A9740CD83126A5153422ACB /* Reflexy.entitlements */ = {isa = PBXFileReference; lastKnownFileType = text.plist.entitlements; path = Reflexy.entitlements; sourceTree = "<group>"; };
		8C61447B227DB41F50CF604A /* ShareService.swift */ = {isa = PBXFileReference; lastKnownFileType = sourcecode.swift; path = ShareService.swift; sourceTree = "<group>"; };
		8C9BD550444AA03A13E5BC64 /* ReactionDuelGameView.swift */ = {isa = PBXFileReference; lastKnownFileType = sourcecode.swift; path = ReactionDuelGameView.swift; sourceTree = "<group>"; };
		9166E2C8A1A91A534D8BC18A /* StopwatchViewModel.swift */ = {isa = PBXFileReference; lastKnownFileType = sourcecode.swift; path = StopwatchViewModel.swift; sourceTree = "<group>"; };
		9304A78E0ACAF9DB5C326C7F /* ColorFlashGameView.swift */ = {isa = PBXFileReference; lastKnownFileType = sourcecode.swift; path = ColorFlashGameView.swift; sourceTree = "<group>"; };
		97F316DEA1D1B8A9E5F4ADA7 /* GridReactionViewModel.swift */ = {isa = PBXFileReference; lastKnownFileType = sourcecode.swift; path = GridReactionViewModel.swift; sourceTree = "<group>"; };
		9A4A3BE321533936B5022668 /* StoreKit.framework */ = {isa = PBXFileReference; lastKnownFileType = wrapper.framework; name = StoreKit.framework; path = System/Library/Frameworks/StoreKit.framework; sourceTree = SDKROOT; };
		9AD45DDBCEF1435920199F05 /* Reflexy.app */ = {isa = PBXFileReference; includeInIndex = 0; lastKnownFileType = wrapper.application; path = Reflexy.app; sourceTree = BUILT_PRODUCTS_DIR; };
		A342956F9B1DA4F4DB5429B2 /* PulsingText.swift */ = {isa = PBXFileReference; lastKnownFileType = sourcecode.swift; path = PulsingText.swift; sourceTree = "<group>"; };
		A522E1C117C42525E9F6B229 /* SoundReflexGameView.swift */ = {isa = PBXFileReference; lastKnownFileType = sourcecode.swift; path = SoundReflexGameView.swift; sourceTree = "<group>"; };
		A53DF0623F7C8122A04CC7AE /* GameSetupView.swift */ = {isa = PBXFileReference; lastKnownFileType = sourcecode.swift; path = GameSetupView.swift; sourceTree = "<group>"; };
		A67C75671E25F0567459844D /* ColorBattleViewModel.swift */ = {isa = PBXFileReference; lastKnownFileType = sourcecode.swift; path = ColorBattleViewModel.swift; sourceTree = "<group>"; };
		AD607B359EC32F0023C15794 /* TimingService.swift */ = {isa = PBXFileReference; lastKnownFileType = sourcecode.swift; path = TimingService.swift; sourceTree = "<group>"; };
		B3B32184A252D85D7EC178A7 /* GridReactionGameView.swift */ = {isa = PBXFileReference; lastKnownFileType = sourcecode.swift; path = GridReactionGameView.swift; sourceTree = "<group>"; };
		B6A1E6AE943973D12F0F49C8 /* ReactionDuelViewModel.swift */ = {isa = PBXFileReference; lastKnownFileType = sourcecode.swift; path = ReactionDuelViewModel.swift; sourceTree = "<group>"; };
		B7C2EC20C636D2ECAFB9297C /* StopwatchGameView.swift */ = {isa = PBXFileReference; lastKnownFileType = sourcecode.swift; path = StopwatchGameView.swift; sourceTree = "<group>"; };
		BBCE998F90955D4392344698 /* CountdownOverlay.swift */ = {isa = PBXFileReference; lastKnownFileType = sourcecode.swift; path = CountdownOverlay.swift; sourceTree = "<group>"; };
		BFF4B47652C50DBEC8B7949A /* StatsView.swift */ = {isa = PBXFileReference; lastKnownFileType = sourcecode.swift; path = StatsView.swift; sourceTree = "<group>"; };
		C14E5889972AB90E3C41EA3B /* QuickTapGameView.swift */ = {isa = PBXFileReference; lastKnownFileType = sourcecode.swift; path = QuickTapGameView.swift; sourceTree = "<group>"; };
		C226FF46241BB5E73BA7E9FD /* FourPlayerGridView.swift */ = {isa = PBXFileReference; lastKnownFileType = sourcecode.swift; path = FourPlayerGridView.swift; sourceTree = "<group>"; };
		C2BFAB9FFDF0CC59772041E6 /* GameKit.framework */ = {isa = PBXFileReference; lastKnownFileType = wrapper.framework; name = GameKit.framework; path = System/Library/Frameworks/GameKit.framework; sourceTree = SDKROOT; };
		C36C1BA014C03C58AAC34EFC /* View+Modifiers.swift */ = {isa = PBXFileReference; lastKnownFileType = sourcecode.swift; path = "View+Modifiers.swift"; sourceTree = "<group>"; };
		C4AD137CE53B474BB77DEE03 /* ReflexlyApp.swift */ = {isa = PBXFileReference; lastKnownFileType = sourcecode.swift; path = ReflexlyApp.swift; sourceTree = "<group>"; };
		C7838F01376C10440F5D0465 /* Formatters.swift */ = {isa = PBXFileReference; lastKnownFileType = sourcecode.swift; path = Formatters.swift; sourceTree = "<group>"; };
		C7CAA832892CB055E4425EA4 /* HomeView.swift */ = {isa = PBXFileReference; lastKnownFileType = sourcecode.swift; path = HomeView.swift; sourceTree = "<group>"; };
		CCE392159010B6729DEE1026 /* CoreHaptics.framework */ = {isa = PBXFileReference; lastKnownFileType = wrapper.framework; name = CoreHaptics.framework; path = System/Library/Frameworks/CoreHaptics.framework; sourceTree = SDKROOT; };
		CE8619357BA5819C52B896BD /* Color+App.swift */ = {isa = PBXFileReference; lastKnownFileType = sourcecode.swift; path = "Color+App.swift"; sourceTree = "<group>"; };
		E59838C4190CA4E5C75D225C /* GameCenterService.swift */ = {isa = PBXFileReference; lastKnownFileType = sourcecode.swift; path = GameCenterService.swift; sourceTree = "<group>"; };
		E61917CC80078D9CDA237847 /* Assets.xcassets */ = {isa = PBXFileReference; lastKnownFileType = folder.assetcatalog; path = Assets.xcassets; sourceTree = "<group>"; };
		E7D9CE176CE772696638B8B7 /* PercentileBar.swift */ = {isa = PBXFileReference; lastKnownFileType = sourcecode.swift; path = PercentileBar.swift; sourceTree = "<group>"; };
		E99F12D81412633B2BC962EF /* SoundReflexViewModel.swift */ = {isa = PBXFileReference; lastKnownFileType = sourcecode.swift; path = SoundReflexViewModel.swift; sourceTree = "<group>"; };
		F25C688817968FFBA5A329A2 /* OnboardingView.swift */ = {isa = PBXFileReference; lastKnownFileType = sourcecode.swift; path = OnboardingView.swift; sourceTree = "<group>"; };
		F32F78BF780986F899A24307 /* DailyChallengeGameView.swift */ = {isa = PBXFileReference; lastKnownFileType = sourcecode.swift; path = DailyChallengeGameView.swift; sourceTree = "<group>"; };
		F3A2D91C263310B8441893B5 /* Date+Helpers.swift */ = {isa = PBXFileReference; lastKnownFileType = sourcecode.swift; path = "Date+Helpers.swift"; sourceTree = "<group>"; };
		F3B8475672143AC3426ED55A /* SoundService.swift */ = {isa = PBXFileReference; lastKnownFileType = sourcecode.swift; path = SoundService.swift; sourceTree = "<group>"; };
		FAFF8C258CFB7AA78B7A60FB /* SettingsView.swift */ = {isa = PBXFileReference; lastKnownFileType = sourcecode.swift; path = SettingsView.swift; sourceTree = "<group>"; };
/* End PBXFileReference section */

/* Begin PBXFrameworksBuildPhase section */
		29E1E98BB10CA8ADE0739E60 /* Frameworks */ = {
			isa = PBXFrameworksBuildPhase;
			buildActionMask = 2147483647;
			files = (
				2EB906D039E5440914513224 /* AVFoundation.framework in Frameworks */,
				A2E11C3D4ABF4EF34CDFF73E /* CoreHaptics.framework in Frameworks */,
				775791A01ECDACA00C9789C8 /* GameKit.framework in Frameworks */,
				78075D564DE19302E0944426 /* StoreKit.framework in Frameworks */,
			);
			runOnlyForDeploymentPostprocessing = 0;
		};
/* End PBXFrameworksBuildPhase section */

/* Begin PBXGroup section */
		058A24B6D9BA9AD35170E498 /* ViewModels */ = {
			isa = PBXGroup;
			children = (
				A67C75671E25F0567459844D /* ColorBattleViewModel.swift */,
				7AB0705C6E90B72EC9210840 /* ColorFlashViewModel.swift */,
				03252CCA79432E7D68BBF784 /* DailyChallengeViewModel.swift */,
				3559B835212BFFE48C4C7969 /* GameViewModelProtocol.swift */,
				97F316DEA1D1B8A9E5F4ADA7 /* GridReactionViewModel.swift */,
				58D3F79113F84007A3EBAD9A /* QuickTapViewModel.swift */,
				B6A1E6AE943973D12F0F49C8 /* ReactionDuelViewModel.swift */,
				E99F12D81412633B2BC962EF /* SoundReflexViewModel.swift */,
				9166E2C8A1A91A534D8BC18A /* StopwatchViewModel.swift */,
				76B281316C3DFD109EC8038C /* StoreViewModel.swift */,
				1D23F3D8A48DFEA041352318 /* VibrationReflexViewModel.swift */,
			);
			path = ViewModels;
			sourceTree = "<group>";
		};
		1A330CDFF0001C2BF3EAFBC3 /* Leaderboard */ = {
			isa = PBXGroup;
			children = (
				3186D0586B4B27993BB10867 /* LeaderboardRowView.swift */,
				23D47D2EE7C3A9D45A6F5CC1 /* LeaderboardView.swift */,
			);
			path = Leaderboard;
			sourceTree = "<group>";
		};
		1BE0DB0CEE837CE0F5322DD3 /* App */ = {
			isa = PBXGroup;
			children = (
				C4AD137CE53B474BB77DEE03 /* ReflexlyApp.swift */,
			);
			path = App;
			sourceTree = "<group>";
		};
		1EE370BB3B220523B24AEA69 /* Utilities */ = {
			isa = PBXGroup;
			children = (
				3F7346D2955F9CC1615D794B /* Constants.swift */,
				C7838F01376C10440F5D0465 /* Formatters.swift */,
				AACC8D0A6846A6314F7DA1FC /* Extensions */,
			);
			path = Utilities;
			sourceTree = "<group>";
		};
		285B2F7B8F5047A75BFC202E /* Onboarding */ = {
			isa = PBXGroup;
			children = (
				F25C688817968FFBA5A329A2 /* OnboardingView.swift */,
			);
			path = Onboarding;
			sourceTree = "<group>";
		};
		38DB7E253C9E9747722088CD /* Reflexy */ = {
			isa = PBXGroup;
			children = (
				E61917CC80078D9CDA237847 /* Assets.xcassets */,
				8A9740CD83126A5153422ACB /* Reflexy.entitlements */,
				1BE0DB0CEE837CE0F5322DD3 /* App */,
				D73B7DEE42FAEAF67C4514EF /* Models */,
				94C7282FC8C4E2A55BF1D9CC /* Services */,
				1EE370BB3B220523B24AEA69 /* Utilities */,
				058A24B6D9BA9AD35170E498 /* ViewModels */,
				3D23AB402DE6CE1AFC8EB02A /* Views */,
			);
			path = Reflexy;
			sourceTree = "<group>";
		};
		3CD8D0B74370B5FCADFD3DB9 = {
			isa = PBXGroup;
			children = (
				38DB7E253C9E9747722088CD /* Reflexy */,
				8DD6865BC93413D3415DFE7E /* Frameworks */,
				CFF11EDA7906F1C9073A1070 /* Products */,
			);
			sourceTree = "<group>";
		};
		3D23AB402DE6CE1AFC8EB02A /* Views */ = {
			isa = PBXGroup;
			children = (
				3DB38FE6DC6A1C7476BB1B94 /* Components */,
				AE823225031DA1365C1138EB /* Games */,
				5BE5923330A0CE135FEB1579 /* Home */,
				1A330CDFF0001C2BF3EAFBC3 /* Leaderboard */,
				E32EA7D3C3EA0946F8DE39E8 /* Multiplayer */,
				285B2F7B8F5047A75BFC202E /* Onboarding */,
				D41874C40D0638D34BEDCF62 /* Results */,
				D790AE001BC90D32776A40F0 /* Settings */,
				6388846A87624982C0BD7242 /* Store */,
			);
			path = Views;
			sourceTree = "<group>";
		};
		3DB38FE6DC6A1C7476BB1B94 /* Components */ = {
			isa = PBXGroup;
			children = (
				BBCE998F90955D4392344698 /* CountdownOverlay.swift */,
				319B049E49CFCB1A8120B282 /* GameCard.swift */,
				1FDDC6E7D9724EC64BD43BAB /* HowToPlayOverlay.swift */,
				E7D9CE176CE772696638B8B7 /* PercentileBar.swift */,
				8662B76C34CB83190D464272 /* PlayerModeSelector.swift */,
				A342956F9B1DA4F4DB5429B2 /* PulsingText.swift */,
				3F26FFADD61FB65E12F652FF /* StatBadge.swift */,
				083047DBB36F7CA0C5D1C0A3 /* UnlockBadge.swift */,
				44E8F1B75DC66F541D57523D /* WaitingOverlay.swift */,
			);
			path = Components;
			sourceTree = "<group>";
		};
		5BE5923330A0CE135FEB1579 /* Home */ = {
			isa = PBXGroup;
			children = (
				A53DF0623F7C8122A04CC7AE /* GameSetupView.swift */,
				C7CAA832892CB055E4425EA4 /* HomeView.swift */,
			);
			path = Home;
			sourceTree = "<group>";
		};
		6388846A87624982C0BD7242 /* Store */ = {
			isa = PBXGroup;
			children = (
				6C8906E01ED4861E0F18338B /* StoreView.swift */,
			);
			path = Store;
			sourceTree = "<group>";
		};
		8DD6865BC93413D3415DFE7E /* Frameworks */ = {
			isa = PBXGroup;
			children = (
				5D42A9FE0B4E6C7A970E1BF1 /* AVFoundation.framework */,
				CCE392159010B6729DEE1026 /* CoreHaptics.framework */,
				C2BFAB9FFDF0CC59772041E6 /* GameKit.framework */,
				9A4A3BE321533936B5022668 /* StoreKit.framework */,
			);
			name = Frameworks;
			sourceTree = "<group>";
		};
		94C7282FC8C4E2A55BF1D9CC /* Services */ = {
			isa = PBXGroup;
			children = (
				E59838C4190CA4E5C75D225C /* GameCenterService.swift */,
				329C316CA679284B46ACE785 /* HapticService.swift */,
				8C61447B227DB41F50CF604A /* ShareService.swift */,
				F3B8475672143AC3426ED55A /* SoundService.swift */,
				055F44CCDA6812AD3795D6F3 /* StoreService.swift */,
				AD607B359EC32F0023C15794 /* TimingService.swift */,
			);
			path = Services;
			sourceTree = "<group>";
		};
		AACC8D0A6846A6314F7DA1FC /* Extensions */ = {
			isa = PBXGroup;
			children = (
				CE8619357BA5819C52B896BD /* Color+App.swift */,
				F3A2D91C263310B8441893B5 /* Date+Helpers.swift */,
				38329C5C191FBE16BCE1F4BE /* Font+App.swift */,
				C36C1BA014C03C58AAC34EFC /* View+Modifiers.swift */,
			);
			path = Extensions;
			sourceTree = "<group>";
		};
		AE823225031DA1365C1138EB /* Games */ = {
			isa = PBXGroup;
			children = (
				1C5A6B34B4A8C8EFC11ED865 /* ColorBattleGameView.swift */,
				9304A78E0ACAF9DB5C326C7F /* ColorFlashGameView.swift */,
				F32F78BF780986F899A24307 /* DailyChallengeGameView.swift */,
				B3B32184A252D85D7EC178A7 /* GridReactionGameView.swift */,
				C14E5889972AB90E3C41EA3B /* QuickTapGameView.swift */,
				8C9BD550444AA03A13E5BC64 /* ReactionDuelGameView.swift */,
				A522E1C117C42525E9F6B229 /* SoundReflexGameView.swift */,
				B7C2EC20C636D2ECAFB9297C /* StopwatchGameView.swift */,
				55C596DE5B7E64CD2EFA8B7D /* VibrationReflexGameView.swift */,
			);
			path = Games;
			sourceTree = "<group>";
		};
		CFF11EDA7906F1C9073A1070 /* Products */ = {
			isa = PBXGroup;
			children = (
				9AD45DDBCEF1435920199F05 /* Reflexy.app */,
			);
			name = Products;
			sourceTree = "<group>";
		};
		D41874C40D0638D34BEDCF62 /* Results */ = {
			isa = PBXGroup;
			children = (
				BFF4B47652C50DBEC8B7949A /* StatsView.swift */,
			);
			path = Results;
			sourceTree = "<group>";
		};
		D73B7DEE42FAEAF67C4514EF /* Models */ = {
			isa = PBXGroup;
			children = (
				8815B5B8CD79745839A48D0A /* DailyChallenge.swift */,
				36E4EA91C9C42A3F7DF4B7FC /* GameConfiguration.swift */,
				3A849FCE9F1A43246D59DB48 /* GameResult.swift */,
				5F46788F3D3B23A9044D664D /* GameType.swift */,
				568CEBAFC4A08DC96EF1B8BB /* PlayerMode.swift */,
				61075ACE17CB3B65A90DA96A /* PlayerStats.swift */,
			);
			path = Models;
			sourceTree = "<group>";
		};
		D790AE001BC90D32776A40F0 /* Settings */ = {
			isa = PBXGroup;
			children = (
				FAFF8C258CFB7AA78B7A60FB /* SettingsView.swift */,
			);
			path = Settings;
			sourceTree = "<group>";
		};
		E32EA7D3C3EA0946F8DE39E8 /* Multiplayer */ = {
			isa = PBXGroup;
			children = (
				C226FF46241BB5E73BA7E9FD /* FourPlayerGridView.swift */,
				2A1D044F80307B9A80F892EE /* TwoPlayerSplitView.swift */,
			);
			path = Multiplayer;
			sourceTree = "<group>";
		};
/* End PBXGroup section */

/* Begin PBXNativeTarget section */
		81D0B8793CEA6D50CCBE1241 /* Reflexy */ = {
			isa = PBXNativeTarget;
			buildConfigurationList = 0FE44EEBCF96B181BB0E741F /* Build configuration list for PBXNativeTarget "Reflexy" */;
			buildPhases = (
				95C000F95DDEA38F832E6ACF /* Sources */,
				A995F5AECF0B0E7955AE8B72 /* Resources */,
				29E1E98BB10CA8ADE0739E60 /* Frameworks */,
			);
			buildRules = (
			);
			dependencies = (
			);
			name = Reflexy;
			packageProductDependencies = (
			);
			productName = Reflexy;
			productReference = 9AD45DDBCEF1435920199F05 /* Reflexy.app */;
			productType = "com.apple.product-type.application";
		};
/* End PBXNativeTarget section */

/* Begin PBXProject section */
		A98BA16D216B1D7D250B727E /* Project object */ = {
			isa = PBXProject;
			attributes = {
				BuildIndependentTargetsInParallel = YES;
				LastUpgradeCheck = 1600;
				TargetAttributes = {
					81D0B8793CEA6D50CCBE1241 = {
						ProvisioningStyle = Automatic;
					};
				};
			};
			buildConfigurationList = F45988FA18509DD082A10373 /* Build configuration list for PBXProject "Reflexy" */;
			compatibilityVersion = "Xcode 14.0";
			developmentRegion = en;
			hasScannedForEncodings = 0;
			knownRegions = (
				Base,
				en,
			);
			mainGroup = 3CD8D0B74370B5FCADFD3DB9;
			minimizedProjectReferenceProxies = 1;
			preferredProjectObjectVersion = 77;
			projectDirPath = "";
			projectRoot = "";
			targets = (
				81D0B8793CEA6D50CCBE1241 /* Reflexy */,
			);
		};
/* End PBXProject section */

/* Begin PBXResourcesBuildPhase section */
		A995F5AECF0B0E7955AE8B72 /* Resources */ = {
			isa = PBXResourcesBuildPhase;
			buildActionMask = 2147483647;
			files = (
				11FF404062EDE8912724D521 /* Assets.xcassets in Resources */,
			);
			runOnlyForDeploymentPostprocessing = 0;
		};
/* End PBXResourcesBuildPhase section */

/* Begin PBXSourcesBuildPhase section */
		95C000F95DDEA38F832E6ACF /* Sources */ = {
			isa = PBXSourcesBuildPhase;
			buildActionMask = 2147483647;
			files = (
				E2F9B3751F6F8D2DD44196FD /* Color+App.swift in Sources */,
				F9CE20E7A3356C791825301E /* ColorBattleGameView.swift in Sources */,
				80CCC23F8269D60FDE284964 /* ColorBattleViewModel.swift in Sources */,
				4944E2EAB3A480318D4AB86F /* ColorFlashGameView.swift in Sources */,
				47BE83D7A92FB033D4D3EFC4 /* ColorFlashViewModel.swift in Sources */,
				DB8BD66FA9A001F44E9562CD /* Constants.swift in Sources */,
				026978D980F81CDB9C9AE299 /* CountdownOverlay.swift in Sources */,
				037AF36ACA01D54F49B7F725 /* DailyChallenge.swift in Sources */,
				BEDAB1ADAC07C5A51FB34A1A /* DailyChallengeGameView.swift in Sources */,
				30B0C9CC41325167D6EA081E /* DailyChallengeViewModel.swift in Sources */,
				26E6D9E3FB33E1A3258424C6 /* Date+Helpers.swift in Sources */,
				DBC583D718EEE72483027498 /* Font+App.swift in Sources */,
				C9BD967B117EAF647B28983A /* Formatters.swift in Sources */,
				7214784DF4EE6EA66715ED10 /* FourPlayerGridView.swift in Sources */,
				280892B22E76E99C013E6A2F /* GameCard.swift in Sources */,
				DA1CAC4D03DFCC7C31ABBF7C /* GameCenterService.swift in Sources */,
				E6A00DC814E1509BDF4F2AAE /* GameConfiguration.swift in Sources */,
				D890BEA2AAB26DE8EBA1F737 /* GameResult.swift in Sources */,
				05CE1B1F5B6A557B8B396B8E /* GameSetupView.swift in Sources */,
				FEE2E3A3F6EC1D272EF61D1C /* GameType.swift in Sources */,
				84D31B3D299175D3575A74B3 /* GameViewModelProtocol.swift in Sources */,
				CC2B58B72A6C8EF8C7145C82 /* GridReactionGameView.swift in Sources */,
				A79C0E1029E4B16DF5828D91 /* GridReactionViewModel.swift in Sources */,
				38AA6FADBE7C579E976D4975 /* HapticService.swift in Sources */,
				7FB017E353CE2F93A9CC5539 /* HomeView.swift in Sources */,
				B475E34D23F92A8E81DF1119 /* HowToPlayOverlay.swift in Sources */,
				3947BB1A336DEBA0E2862BE5 /* LeaderboardRowView.swift in Sources */,
				A05F597DD74D7C77ECB63EE7 /* LeaderboardView.swift in Sources */,
				CCACF437FE13B42912317C7E /* OnboardingView.swift in Sources */,
				DAE4E71F9B87D0444DF4DB43 /* PercentileBar.swift in Sources */,
				9A3FAE18055929E972D966ED /* PlayerMode.swift in Sources */,
				3EFA45952F0C5F00F9B26DB9 /* PlayerModeSelector.swift in Sources */,
				365FC8CBD2D9F629E57995E2 /* PlayerStats.swift in Sources */,
				E1D6E8EB04E41CC3B61AB679 /* PulsingText.swift in Sources */,
				58AF8F44809064C76BAA932F /* QuickTapGameView.swift in Sources */,
				7F3716812C0C483FCD396CD4 /* QuickTapViewModel.swift in Sources */,
				05C69369287DD171BBF1111B /* ReactionDuelGameView.swift in Sources */,
				26671C17DF1251712F0C3DE6 /* ReactionDuelViewModel.swift in Sources */,
				06EB72C49EB632A2A0A84BD3 /* ReflexlyApp.swift in Sources */,
				F7A7F3FC156667B7D8BC8782 /* SettingsView.swift in Sources */,
				DB174CDFCE58F6D946889AD1 /* ShareService.swift in Sources */,
				A2056C9F97FE75938C755D9B /* SoundReflexGameView.swift in Sources */,
				5FE84C8F2C073EBB07B2F537 /* SoundReflexViewModel.swift in Sources */,
				55B6EA35F666CF99886A2BFC /* SoundService.swift in Sources */,
				F0CA1618AE8934152FE867D5 /* StatBadge.swift in Sources */,
				D0006547375DA0F4A542A150 /* StatsView.swift in Sources */,
				90CF4ECB5D8D56E5E7CECEBA /* StopwatchGameView.swift in Sources */,
				7E9F1194EC538DC9281837B8 /* StopwatchViewModel.swift in Sources */,
				693E75A6A02231CB2DBE3E54 /* StoreService.swift in Sources */,
				3E64ACFF47B7F219D383DEC2 /* StoreView.swift in Sources */,
				8A61B97D2660A69EB26DD5F2 /* StoreViewModel.swift in Sources */,
				81635D12D179DB1441176BB6 /* TimingService.swift in Sources */,
				A0FD43740C65BD618B78DCF7 /* TwoPlayerSplitView.swift in Sources */,
				2A19E3606A06FBE06F55E6ED /* UnlockBadge.swift in Sources */,
				6ABC8A5AB52281F8D537A140 /* VibrationReflexGameView.swift in Sources */,
				6847C2A8E921E3DA088D60E1 /* VibrationReflexViewModel.swift in Sources */,
				8BC6ABB501697031A5E49B65 /* View+Modifiers.swift in Sources */,
				8B15ECC47B260AFC6E695A74 /* WaitingOverlay.swift in Sources */,
			);
			runOnlyForDeploymentPostprocessing = 0;
		};
/* End PBXSourcesBuildPhase section */

/* Begin XCBuildConfiguration section */
		1A93DB71B6081B8EA0DF3877 /* Release */ = {
			isa = XCBuildConfiguration;
			buildSettings = {
				ASSETCATALOG_COMPILER_APPICON_NAME = AppIcon;
				ASSETCATALOG_COMPILER_GLOBAL_ACCENT_COLOR_NAME = AccentColor;
				CODE_SIGN_ENTITLEMENTS = Reflexy/Reflexy.entitlements;
				CODE_SIGN_IDENTITY = "iPhone Developer";
				CODE_SIGN_STYLE = Automatic;
				CURRENT_PROJECT_VERSION = 1;
				GENERATE_INFOPLIST_FILE = YES;
				INFOPLIST_KEY_CFBundleDisplayName = Reflexy;
				INFOPLIST_KEY_UILaunchScreen_Generation = YES;
				INFOPLIST_KEY_UISupportedInterfaceOrientations = UIInterfaceOrientationPortrait;
				LD_RUNPATH_SEARCH_PATHS = (
					"$(inherited)",
					"@executable_path/Frameworks",
				);
				MARKETING_VERSION = 1.0.0;
				PRODUCT_BUNDLE_IDENTIFIER = com.reflexy.app;
				SDKROOT = iphoneos;
				SWIFT_EMIT_LOC_STRINGS = YES;
				TARGETED_DEVICE_FAMILY = "1,2";
			};
			name = Release;
		};
		39C6BDBE61B03F1045541406 /* Release */ = {
			isa = XCBuildConfiguration;
			buildSettings = {
				ALWAYS_SEARCH_USER_PATHS = NO;
				CLANG_ANALYZER_NONNULL = YES;
				CLANG_ANALYZER_NUMBER_OBJECT_CONVERSION = YES_AGGRESSIVE;
				CLANG_CXX_LANGUAGE_STANDARD = "gnu++14";
				CLANG_CXX_LIBRARY = "libc++";
				CLANG_ENABLE_MODULES = YES;
				CLANG_ENABLE_OBJC_ARC = YES;
				CLANG_ENABLE_OBJC_WEAK = YES;
				CLANG_WARN_BLOCK_CAPTURE_AUTORELEASING = YES;
				CLANG_WARN_BOOL_CONVERSION = YES;
				CLANG_WARN_COMMA = YES;
				CLANG_WARN_CONSTANT_CONVERSION = YES;
				CLANG_WARN_DEPRECATED_OBJC_IMPLEMENTATIONS = YES;
				CLANG_WARN_DIRECT_OBJC_ISA_USAGE = YES_ERROR;
				CLANG_WARN_DOCUMENTATION_COMMENTS = YES;
				CLANG_WARN_EMPTY_BODY = YES;
				CLANG_WARN_ENUM_CONVERSION = YES;
				CLANG_WARN_INFINITE_RECURSION = YES;
				CLANG_WARN_INT_CONVERSION = YES;
				CLANG_WARN_NON_LITERAL_NULL_CONVERSION = YES;
				CLANG_WARN_OBJC_IMPLICIT_RETAIN_SELF = YES;
				CLANG_WARN_OBJC_LITERAL_CONVERSION = YES;
				CLANG_WARN_OBJC_ROOT_CLASS = YES_ERROR;
				CLANG_WARN_QUOTED_INCLUDE_IN_FRAMEWORK_HEADER = YES;
				CLANG_WARN_RANGE_LOOP_ANALYSIS = YES;
				CLANG_WARN_STRICT_PROTOTYPES = YES;
				CLANG_WARN_SUSPICIOUS_MOVE = YES;
				CLANG_WARN_UNGUARDED_AVAILABILITY = YES_AGGRESSIVE;
				CLANG_WARN_UNREACHABLE_CODE = YES;
				CLANG_WARN__DUPLICATE_METHOD_MATCH = YES;
				COPY_PHASE_STRIP = NO;
				DEBUG_INFORMATION_FORMAT = "dwarf-with-dsym";
				ENABLE_NS_ASSERTIONS = NO;
				ENABLE_STRICT_OBJC_MSGSEND = YES;
				GCC_C_LANGUAGE_STANDARD = gnu11;
				GCC_NO_COMMON_BLOCKS = YES;
				GCC_WARN_64_TO_32_BIT_CONVERSION = YES;
				GCC_WARN_ABOUT_RETURN_TYPE = YES_ERROR;
				GCC_WARN_UNDECLARED_SELECTOR = YES;
				GCC_WARN_UNINITIALIZED_AUTOS = YES_AGGRESSIVE;
				GCC_WARN_UNUSED_FUNCTION = YES;
				GCC_WARN_UNUSED_VARIABLE = YES;
				INFOPLIST_KEY_UISupportedInterfaceOrientations = UIInterfaceOrientationPortrait;
				INFOPLIST_KEY_UISupportedInterfaceOrientations_iPad = "UIInterfaceOrientationPortrait UIInterfaceOrientationPortraitUpsideDown";
				IPHONEOS_DEPLOYMENT_TARGET = 17.0;
				MTL_ENABLE_DEBUG_INFO = NO;
				MTL_FAST_MATH = YES;
				PRODUCT_NAME = "$(TARGET_NAME)";
				SDKROOT = iphoneos;
				SWIFT_COMPILATION_MODE = wholemodule;
				SWIFT_OPTIMIZATION_LEVEL = "-O";
				SWIFT_VERSION = 5.9;
				TARGETED_DEVICE_FAMILY = 1;
			};
			name = Release;
		};
		AB69B707CD5AEDFFCFDF7F01 /* Debug */ = {
			isa = XCBuildConfiguration;
			buildSettings = {
				ALWAYS_SEARCH_USER_PATHS = NO;
				CLANG_ANALYZER_NONNULL = YES;
				CLANG_ANALYZER_NUMBER_OBJECT_CONVERSION = YES_AGGRESSIVE;
				CLANG_CXX_LANGUAGE_STANDARD = "gnu++14";
				CLANG_CXX_LIBRARY = "libc++";
				CLANG_ENABLE_MODULES = YES;
				CLANG_ENABLE_OBJC_ARC = YES;
				CLANG_ENABLE_OBJC_WEAK = YES;
				CLANG_WARN_BLOCK_CAPTURE_AUTORELEASING = YES;
				CLANG_WARN_BOOL_CONVERSION = YES;
				CLANG_WARN_COMMA = YES;
				CLANG_WARN_CONSTANT_CONVERSION = YES;
				CLANG_WARN_DEPRECATED_OBJC_IMPLEMENTATIONS = YES;
				CLANG_WARN_DIRECT_OBJC_ISA_USAGE = YES_ERROR;
				CLANG_WARN_DOCUMENTATION_COMMENTS = YES;
				CLANG_WARN_EMPTY_BODY = YES;
				CLANG_WARN_ENUM_CONVERSION = YES;
				CLANG_WARN_INFINITE_RECURSION = YES;
				CLANG_WARN_INT_CONVERSION = YES;
				CLANG_WARN_NON_LITERAL_NULL_CONVERSION = YES;
				CLANG_WARN_OBJC_IMPLICIT_RETAIN_SELF = YES;
				CLANG_WARN_OBJC_LITERAL_CONVERSION = YES;
				CLANG_WARN_OBJC_ROOT_CLASS = YES_ERROR;
				CLANG_WARN_QUOTED_INCLUDE_IN_FRAMEWORK_HEADER = YES;
				CLANG_WARN_RANGE_LOOP_ANALYSIS = YES;
				CLANG_WARN_STRICT_PROTOTYPES = YES;
				CLANG_WARN_SUSPICIOUS_MOVE = YES;
				CLANG_WARN_UNGUARDED_AVAILABILITY = YES_AGGRESSIVE;
				CLANG_WARN_UNREACHABLE_CODE = YES;
				CLANG_WARN__DUPLICATE_METHOD_MATCH = YES;
				COPY_PHASE_STRIP = NO;
				DEBUG_INFORMATION_FORMAT = dwarf;
				ENABLE_STRICT_OBJC_MSGSEND = YES;
				ENABLE_TESTABILITY = YES;
				GCC_C_LANGUAGE_STANDARD = gnu11;
				GCC_DYNAMIC_NO_PIC = NO;
				GCC_NO_COMMON_BLOCKS = YES;
				GCC_OPTIMIZATION_LEVEL = 0;
				GCC_PREPROCESSOR_DEFINITIONS = (
					"$(inherited)",
					"DEBUG=1",
				);
				GCC_WARN_64_TO_32_BIT_CONVERSION = YES;
				GCC_WARN_ABOUT_RETURN_TYPE = YES_ERROR;
				GCC_WARN_UNDECLARED_SELECTOR = YES;
				GCC_WARN_UNINITIALIZED_AUTOS = YES_AGGRESSIVE;
				GCC_WARN_UNUSED_FUNCTION = YES;
				GCC_WARN_UNUSED_VARIABLE = YES;
				INFOPLIST_KEY_UISupportedInterfaceOrientations = UIInterfaceOrientationPortrait;
				INFOPLIST_KEY_UISupportedInterfaceOrientations_iPad = "UIInterfaceOrientationPortrait UIInterfaceOrientationPortraitUpsideDown";
				IPHONEOS_DEPLOYMENT_TARGET = 17.0;
				MTL_ENABLE_DEBUG_INFO = INCLUDE_SOURCE;
				MTL_FAST_MATH = YES;
				ONLY_ACTIVE_ARCH = YES;
				PRODUCT_NAME = "$(TARGET_NAME)";
				SDKROOT = iphoneos;
				SWIFT_ACTIVE_COMPILATION_CONDITIONS = DEBUG;
				SWIFT_OPTIMIZATION_LEVEL = "-Onone";
				SWIFT_VERSION = 5.9;
				TARGETED_DEVICE_FAMILY = 1;
			};
			name = Debug;
		};
		BB17FD24EDF87C796287D0C2 /* Debug */ = {
			isa = XCBuildConfiguration;
			buildSettings = {
				ASSETCATALOG_COMPILER_APPICON_NAME = AppIcon;
				ASSETCATALOG_COMPILER_GLOBAL_ACCENT_COLOR_NAME = AccentColor;
				CODE_SIGN_ENTITLEMENTS = Reflexy/Reflexy.entitlements;
				CODE_SIGN_IDENTITY = "iPhone Developer";
				CODE_SIGN_STYLE = Automatic;
				CURRENT_PROJECT_VERSION = 1;
				GENERATE_INFOPLIST_FILE = YES;
				INFOPLIST_KEY_CFBundleDisplayName = Reflexy;
				INFOPLIST_KEY_UILaunchScreen_Generation = YES;
				INFOPLIST_KEY_UISupportedInterfaceOrientations = UIInterfaceOrientationPortrait;
				LD_RUNPATH_SEARCH_PATHS = (
					"$(inherited)",
					"@executable_path/Frameworks",
				);
				MARKETING_VERSION = 1.0.0;
				PRODUCT_BUNDLE_IDENTIFIER = com.reflexy.app;
				SDKROOT = iphoneos;
				SWIFT_EMIT_LOC_STRINGS = YES;
				TARGETED_DEVICE_FAMILY = "1,2";
			};
			name = Debug;
		};
/* End XCBuildConfiguration section */

/* Begin XCConfigurationList section */
		0FE44EEBCF96B181BB0E741F /* Build configuration list for PBXNativeTarget "Reflexy" */ = {
			isa = XCConfigurationList;
			buildConfigurations = (
				BB17FD24EDF87C796287D0C2 /* Debug */,
				1A93DB71B6081B8EA0DF3877 /* Release */,
			);
			defaultConfigurationIsVisible = 0;
			defaultConfigurationName = Debug;
		};
		F45988FA18509DD082A10373 /* Build configuration list for PBXProject "Reflexy" */ = {
			isa = XCConfigurationList;
			buildConfigurations = (
				AB69B707CD5AEDFFCFDF7F01 /* Debug */,
				39C6BDBE61B03F1045541406 /* Release */,
			);
			defaultConfigurationIsVisible = 0;
			defaultConfigurationName = Debug;
		};
/* End XCConfigurationList section */
	};
	rootObject = A98BA16D216B1D7D250B727E /* Project object */;
}
